
Microsoft Visual Studio Solution File, Format Version 12.00
# Visual Studio Version 16
VisualStudioVersion = 16.0.30907.101
MinimumVisualStudioVersion = 10.0.40219.1
Project("{9A19103F-16F7-4668-BE54-9A1E7A4F7556}") = "Exercício 1", "Exercício 1\Exercício 1.csproj", "{E6FE21F5-3B6E-4EFE-8140-E2C3DF34E4E5}"
EndProject
Project("{FAE04EC0-301F-11D3-BF4B-00C04F79EFBC}") = "Exercicio-1-WEB", "Exercicio-1-WEB\Exercicio-1-WEB.csproj", "{5E6CBF4B-4049-41DA-9BD1-7A02D51C8782}"
EndProject
Project("{FAE04EC0-301F-11D3-BF4B-00C04F79EFBC}") = "Console2", "Console2\Console2.csproj", "{44DAD442-8C4B-4A73-B93A-77BEB6711CC9}"
EndProject
Project("{FAE04EC0-301F-11D3-BF4B-00C04F79EFBC}") = "Exe1", "Exe1\Exe1.csproj", "{B5296E6C-F971-4594-8123-0E0AAABCD2B1}"
EndProject
Project("{FAE04EC0-301F-11D3-BF4B-00C04F79EFBC}") = "Utils", "Utils\Utils.csproj", "{6AAC642C-DA02-46F2-97D1-6B938DBCEE4D}"
EndProject
Global
	GlobalSection(SolutionConfigurationPlatforms) = preSolution
		Debug|Any CPU = Debug|Any CPU
		Release|Any CPU = Release|Any CPU
	EndGlobalSection
	GlobalSection(ProjectConfigurationPlatforms) = postSolution
		{E6FE21F5-3B6E-4EFE-8140-E2C3DF34E4E5}.Debug|Any CPU.ActiveCfg = Debug|Any CPU
		{E6FE21F5-3B6E-4EFE-8140-E2C3DF34E4E5}.Debug|Any CPU.Build.0 = Debug|Any CPU
		{E6FE21F5-3B6E-4EFE-8140-E2C3DF34E4E5}.Release|Any CPU.ActiveCfg = Release|Any CPU
		{E6FE21F5-3B6E-4EFE-8140-E2C3DF34E4E5}.Release|Any CPU.Build.0 = Release|Any CPU
		{5E6CBF4B-4049-41DA-9BD1-7A02D51C8782}.Debug|Any CPU.ActiveCfg = Debug|Any CPU
		{5E6CBF4B-4049-41DA-9BD1-7A02D51C8782}.Debug|Any CPU.Build.0 = Debug|Any CPU
		{5E6CBF4B-4049-41DA-9BD1-7A02D51C8782}.Release|Any CPU.ActiveCfg = Release|Any CPU
		{5E6CBF4B-4049-41DA-9BD1-7A02D51C8782}.Release|Any CPU.Build.0 = Release|Any CPU
		{44DAD442-8C4B-4A73-B93A-77BEB6711CC9}.Debug|Any CPU.ActiveCfg = Debug|Any CPU
		{44DAD442-8C4B-4A73-B93A-77BEB6711CC9}.Debug|Any CPU.Build.0 = Debug|Any CPU
		{44DAD442-8C4B-4A73-B93A-77BEB6711CC9}.Release|Any CPU.ActiveCfg = Release|Any CPU
		{44DAD442-8C4B-4A73-B93A-77BEB6711CC9}.Release|Any CPU.Build.0 = Release|Any CPU
		{B5296E6C-F971-4594-8123-0E0AAABCD2B1}.Debug|Any CPU.ActiveCfg = Debug|Any CPU
		{B5296E6C-F971-4594-8123-0E0AAABCD2B1}.Debug|Any CPU.Build.0 = Debug|Any CPU
		{B5296E6C-F971-4594-8123-0E0AAABCD2B1}.Release|Any CPU.ActiveCfg = Release|Any CPU
		{B5296E6C-F971-4594-8123-0E0AAABCD2B1}.Release|Any CPU.Build.0 = Release|Any CPU
		{6AAC642C-DA02-46F2-97D1-6B938DBCEE4D}.Debug|Any CPU.ActiveCfg = Debug|Any CPU
		{6AAC642C-DA02-46F2-97D1-6B938DBCEE4D}.Debug|Any CPU.Build.0 = Debug|Any CPU
		{6AAC642C-DA02-46F2-97D1-6B938DBCEE4D}.Release|Any CPU.ActiveCfg = Release|Any CPU
		{6AAC642C-DA02-46F2-97D1-6B938DBCEE4D}.Release|Any CPU.Build.0 = Release|Any CPU
	EndGlobalSection
	GlobalSection(SolutionProperties) = preSolution
		HideSolutionNode = FALSE
	EndGlobalSection
	GlobalSection(ExtensibilityGlobals) = postSolution
		SolutionGuid = {5A7CA221-378A-4746-8585-73CA64B00501}
	EndGlobalSection
EndGlobal
